
Microsoft Visual Studio Solution File, Format Version 12.00
# Visual Studio Version 18
VisualStudioVersion = 18.0.11205.157 d18.0
MinimumVisualStudioVersion = 10.0.40219.1
Project("{FAE04EC0-301F-11D3-BF4B-00C04F79EFBC}") = "SMEapps", "SMEapps\SMEapps\SMEapps.csproj", "{AD822CA4-6C49-4DDD-931D-9E5C31E87200}"
EndProject
Project("{FAE04EC0-301F-11D3-BF4B-00C04F79EFBC}") = "SMEapps.Shared", "SMEapps\SMEapps.Shared\SMEapps.Shared.csproj", "{0A462A1B-7C62-4979-B9D9-6313ED9A6BE9}"
EndProject
Project("{FAE04EC0-301F-11D3-BF4B-00C04F79EFBC}") = "SMEapps.Web", "SMEapps\SMEapps.Web\SMEapps.Web.csproj", "{E8F43EAC-F417-45C8-B2EC-720363A85C20}"
EndProject
Project("{FAE04EC0-301F-11D3-BF4B-00C04F79EFBC}") = "SMEapps.Web.Client", "SMEapps\SMEapps.Web.Client\SMEapps.Web.Client.csproj", "{F8FC68B8-73B7-4928-8273-DF9137F64EDF}"
EndProject
Global
	GlobalSection(SolutionConfigurationPlatforms) = preSolution
		Debug|Any CPU = Debug|Any CPU
		Release|Any CPU = Release|Any CPU
	EndGlobalSection
	GlobalSection(ProjectConfigurationPlatforms) = postSolution
		{AD822CA4-6C49-4DDD-931D-9E5C31E87200}.Debug|Any CPU.ActiveCfg = Debug|Any CPU
		{AD822CA4-6C49-4DDD-931D-9E5C31E87200}.Debug|Any CPU.Build.0 = Debug|Any CPU
		{AD822CA4-6C49-4DDD-931D-9E5C31E87200}.Debug|Any CPU.Deploy.0 = Debug|Any CPU
		{AD822CA4-6C49-4DDD-931D-9E5C31E87200}.Release|Any CPU.ActiveCfg = Release|Any CPU
		{AD822CA4-6C49-4DDD-931D-9E5C31E87200}.Release|Any CPU.Build.0 = Release|Any CPU
		{0A462A1B-7C62-4979-B9D9-6313ED9A6BE9}.Debug|Any CPU.ActiveCfg = Debug|Any CPU
		{0A462A1B-7C62-4979-B9D9-6313ED9A6BE9}.Debug|Any CPU.Build.0 = Debug|Any CPU
		{0A462A1B-7C62-4979-B9D9-6313ED9A6BE9}.Release|Any CPU.ActiveCfg = Release|Any CPU
		{0A462A1B-7C62-4979-B9D9-6313ED9A6BE9}.Release|Any CPU.Build.0 = Release|Any CPU
		{E8F43EAC-F417-45C8-B2EC-720363A85C20}.Debug|Any CPU.ActiveCfg = Debug|Any CPU
		{E8F43EAC-F417-45C8-B2EC-720363A85C20}.Debug|Any CPU.Build.0 = Debug|Any CPU
		{E8F43EAC-F417-45C8-B2EC-720363A85C20}.Release|Any CPU.ActiveCfg = Release|Any CPU
		{E8F43EAC-F417-45C8-B2EC-720363A85C20}.Release|Any CPU.Build.0 = Release|Any CPU
		{F8FC68B8-73B7-4928-8273-DF9137F64EDF}.Debug|Any CPU.ActiveCfg = Debug|Any CPU
		{F8FC68B8-73B7-4928-8273-DF9137F64EDF}.Debug|Any CPU.Build.0 = Debug|Any CPU
		{F8FC68B8-73B7-4928-8273-DF9137F64EDF}.Release|Any CPU.ActiveCfg = Release|Any CPU
		{F8FC68B8-73B7-4928-8273-DF9137F64EDF}.Release|Any CPU.Build.0 = Release|Any CPU
	EndGlobalSection
	GlobalSection(SolutionProperties) = preSolution
		HideSolutionNode = FALSE
	EndGlobalSection
	GlobalSection(ExtensibilityGlobals) = postSolution
		SolutionGuid = {D736D9E2-0519-48DD-9C33-329601CD6F07}
	EndGlobalSection
EndGlobal
